// !$*UTF8*$!
{
	archiveVersion = 1;
	classes = {
	};
	objectVersion = 50;
	objects = {

/* Begin PBXBuildFile section */
		E83B46E7214650B100D8F4B0 /* AppDelegate.swift in Sources */ = {isa = PBXBuildFile; fileRef = E83B46E6214650B100D8F4B0 /* AppDelegate.swift */; };
		E83B46E9214650B100D8F4B0 /* art.scnassets in Resources */ = {isa = PBXBuildFile; fileRef = E83B46E8214650B100D8F4B0 /* art.scnassets */; };
		E83B46EB214650B100D8F4B0 /* ViewController.swift in Sources */ = {isa = PBXBuildFile; fileRef = E83B46EA214650B100D8F4B0 /* ViewController.swift */; };
		E83B46EE214650B100D8F4B0 /* Main.storyboard in Resources */ = {isa = PBXBuildFile; fileRef = E83B46EC214650B100D8F4B0 /* Main.storyboard */; };
		E83B46F0214650B200D8F4B0 /* Assets.xcassets in Resources */ = {isa = PBXBuildFile; fileRef = E83B46EF214650B200D8F4B0 /* Assets.xcassets */; };
		E83B46F3214650B200D8F4B0 /* LaunchScreen.storyboard in Resources */ = {isa = PBXBuildFile; fileRef = E83B46F1214650B200D8F4B0 /* LaunchScreen.storyboard */; };
		E8ABEEB821468CAE00B5D946 /* blood.png in Resources */ = {isa = PBXBuildFile; fileRef = E8ABEEB721468CAE00B5D946 /* blood.png */; };
/* End PBXBuildFile section */

/* Begin PBXFileReference section */
		E83B46E3214650B100D8F4B0 /* ARAnimals.app */ = {isa = PBXFileReference; explicitFileType = wrapper.application; includeInIndex = 0; path = ARAnimals.app; sourceTree = BUILT_PRODUCTS_DIR; };
		E83B46E6214650B100D8F4B0 /* AppDelegate.swift */ = {isa = PBXFileReference; lastKnownFileType = sourcecode.swift; path = AppDelegate.swift; sourceTree = "<group>"; };
		E83B46E8214650B100D8F4B0 /* art.scnassets */ = {isa = PBXFileReference; lastKnownFileType = wrapper.scnassets; path = art.scnassets; sourceTree = "<group>"; };
		E83B46EA214650B100D8F4B0 /* ViewController.swift */ = {isa = PBXFileReference; lastKnownFileType = sourcecode.swift; path = ViewController.swift; sourceTree = "<group>"; };
		E83B46ED214650B100D8F4B0 /* Base */ = {isa = PBXFileReference; lastKnownFileType = file.storyboard; name = Base; path = Base.lproj/Main.storyboard; sourceTree = "<group>"; };
		E83B46EF214650B200D8F4B0 /* Assets.xcassets */ = {isa = PBXFileReference; lastKnownFileType = folder.assetcatalog; path = Assets.xcassets; sourceTree = "<group>"; };
		E83B46F2214650B200D8F4B0 /* Base */ = {isa = PBXFileReference; lastKnownFileType = file.storyboard; name = Base; path = Base.lproj/LaunchScreen.storyboard; sourceTree = "<group>"; };
		E83B46F4214650B200D8F4B0 /* Info.plist */ = {isa = PBXFileReference; lastKnownFileType = text.plist.xml; path = Info.plist; sourceTree = "<group>"; };
		E8ABEEB721468CAE00B5D946 /* blood.png */ = {isa = PBXFileReference; lastKnownFileType = image.png; path = blood.png; sourceTree = "<group>"; };
/* End PBXFileReference section */

/* Begin PBXFrameworksBuildPhase section */
		E83B46E0214650B100D8F4B0 /* Frameworks */ = {
			isa = PBXFrameworksBuildPhase;
			buildActionMask = 2147483647;
			files = (
			);
			runOnlyForDeploymentPostprocessing = 0;
		};
/* End PBXFrameworksBuildPhase section */

/* Begin PBXGroup section */
		E83B46DA214650B100D8F4B0 = {
			isa = PBXGroup;
			children = (
				E83B46E5214650B100D8F4B0 /* ARAnimals */,
				E83B46E4214650B100D8F4B0 /* Products */,
			);
			sourceTree = "<group>";
		};
		E83B46E4214650B100D8F4B0 /* Products */ = {
			isa = PBXGroup;
			children = (
				E83B46E3214650B100D8F4B0 /* ARAnimals.app */,
			);
			name = Products;
			sourceTree = "<group>";
		};
		E83B46E5214650B100D8F4B0 /* ARAnimals */ = {
			isa = PBXGroup;
			children = (
				E83B46E6214650B100D8F4B0 /* AppDelegate.swift */,
				E8ABEEB721468CAE00B5D946 /* blood.png */,
				E83B46E8214650B100D8F4B0 /* art.scnassets */,
				E83B46EA214650B100D8F4B0 /* ViewController.swift */,
				E83B46EC214650B100D8F4B0 /* Main.storyboard */,
				E83B46EF214650B200D8F4B0 /* Assets.xcassets */,
				E83B46F1214650B200D8F4B0 /* LaunchScreen.storyboard */,
				E83B46F4214650B200D8F4B0 /* Info.plist */,
			);
			path = ARAnimals;
			sourceTree = "<group>";
		};
/* End PBXGroup section */

/* Begin PBXNativeTarget section */
		E83B46E2214650B100D8F4B0 /* ARAnimals */ = {
			isa = PBXNativeTarget;
			buildConfigurationList = E83B46F7214650B200D8F4B0 /* Build configuration list for PBXNativeTarget "ARAnimals" */;
			buildPhases = (
				E83B46DF214650B100D8F4B0 /* Sources */,
				E83B46E0214650B100D8F4B0 /* Frameworks */,
				E83B46E1214650B100D8F4B0 /* Resources */,
			);
			buildRules = (
			);
			dependencies = (
			);
			name = ARAnimals;
			productName = ARAnimals;
			productReference = E83B46E3214650B100D8F4B0 /* ARAnimals.app */;
			productType = "com.apple.product-type.application";
		};
/* End PBXNativeTarget section */

/* Begin PBXProject section */
		E83B46DB214650B100D8F4B0 /* Project object */ = {
			isa = PBXProject;
			attributes = {
				LastSwiftUpdateCheck = 1000;
				LastUpgradeCheck = 1000;
				ORGANIZATIONNAME = Mitrevski;
				TargetAttributes = {
					E83B46E2214650B100D8F4B0 = {
						CreatedOnToolsVersion = 10.0;
					};
				};
			};
			buildConfigurationList = E83B46DE214650B100D8F4B0 /* Build configuration list for PBXProject "ARAnimals" */;
			compatibilityVersion = "Xcode 9.3";
			developmentRegion = en;
			hasScannedForEncodings = 0;
			knownRegions = (
				en,
				Base,
			);
			mainGroup = E83B46DA214650B100D8F4B0;
			productRefGroup = E83B46E4214650B100D8F4B0 /* Products */;
			projectDirPath = "";
			projectRoot = "";
			targets = (
				E83B46E2214650B100D8F4B0 /* ARAnimals */,
			);
		};
/* End PBXProject section */

/* Begin PBXResourcesBuildPhase section */
		E83B46E1214650B100D8F4B0 /* Resources */ = {
			isa = PBXResourcesBuildPhase;
			buildActionMask = 2147483647;
			files = (
				E83B46E9214650B100D8F4B0 /* art.scnassets in Resources */,
				E83B46F3214650B200D8F4B0 /* LaunchScreen.storyboard in Resources */,
				E83B46F0214650B200D8F4B0 /* Assets.xcassets in Resources */,
				E8ABEEB821468CAE00B5D946 /* blood.png in Resources */,
				E83B46EE214650B100D8F4B0 /* Main.storyboard in Resources */,
			);
			runOnlyForDeploymentPostprocessing = 0;
		};
/* End PBXResourcesBuildPhase section */

/* Begin PBXSourcesBuildPhase section */
		E83B46DF214650B100D8F4B0 /* Sources */ = {
			isa = PBXSourcesBuildPhase;
			buildActionMask = 2147483647;
			files = (
				E83B46EB214650B100D8F4B0 /* ViewController.swift in Sources */,
				E83B46E7214650B100D8F4B0 /* AppDelegate.swift in Sources */,
			);
			runOnlyForDeploymentPostprocessing = 0;
		};
/* End PBXSourcesBuildPhase section */

/* Begin PBXVariantGroup section */
		E83B46EC214650B100D8F4B0 /* Main.storyboard */ = {
			isa = PBXVariantGroup;
			children = (
				E83B46ED214650B100D8F4B0 /* Base */,
			);
			name = Main.storyboard;
			sourceTree = "<group>";
		};
		E83B46F1214650B200D8F4B0 /* LaunchScreen.storyboard */ = {
			isa = PBXVariantGroup;
			children = (
				E83B46F2214650B200D8F4B0 /* Base */,
			);
			name = LaunchScreen.storyboard;
			sourceTree = "<group>";
		};
/* End PBXVariantGroup section */

/* Begin XCBuildConfiguration section */
		E83B46F5214650B200D8F4B0 /* Debug */ = {
			isa = XCBuildConfiguration;
			buildSettings = {
				ALWAYS_SEARCH_USER_PATHS = NO;
				CLANG_ANALYZER_NONNULL = YES;
				CLANG_ANALYZER_NUMBER_OBJECT_CONVERSION = YES_AGGRESSIVE;
				CLANG_CXX_LANGUAGE_STANDARD = "gnu++14";
				CLANG_CXX_LIBRARY = "libc++";
				CLANG_ENABLE_MODULES = YES;
				CLANG_ENABLE_OBJC_ARC = YES;
				CLANG_ENABLE_OBJC_WEAK = YES;
				CLANG_WARN_BLOCK_CAPTURE_AUTORELEASING = YES;
				CLANG_WARN_BOOL_CONVERSION = YES;
				CLANG_WARN_COMMA = YES;
				CLANG_WARN_CONSTANT_CONVERSION = YES;
				CLANG_WARN_DEPRECATED_OBJC_IMPLEMENTATIONS = YES;
				CLANG_WARN_DIRECT_OBJC_ISA_USAGE = YES_ERROR;
				CLANG_WARN_DOCUMENTATION_COMMENTS = YES;
				CLANG_WARN_EMPTY_BODY = YES;
				CLANG_WARN_ENUM_CONVERSION = YES;
				CLANG_WARN_INFINITE_RECURSION = YES;
				CLANG_WARN_INT_CONVERSION = YES;
				CLANG_WARN_NON_LITERAL_NULL_CONVERSION = YES;
				CLANG_WARN_OBJC_IMPLICIT_RETAIN_SELF = YES;
				CLANG_WARN_OBJC_LITERAL_CONVERSION = YES;
				CLANG_WARN_OBJC_ROOT_CLASS = YES_ERROR;
				CLANG_WARN_RANGE_LOOP_ANALYSIS = YES;
				CLANG_WARN_STRICT_PROTOTYPES = YES;
				CLANG_WARN_SUSPICIOUS_MOVE = YES;
				CLANG_WARN_UNGUARDED_AVAILABILITY = YES_AGGRESSIVE;
				CLANG_WARN_UNREACHABLE_CODE = YES;
				CLANG_WARN__DUPLICATE_METHOD_MATCH = YES;
				CODE_SIGN_IDENTITY = "iPhone Developer";
				COPY_PHASE_STRIP = NO;
				DEBUG_INFORMATION_FORMAT = dwarf;
				ENABLE_STRICT_OBJC_MSGSEND = YES;
				ENABLE_TESTABILITY = YES;
				GCC_C_LANGUAGE_STANDARD = gnu11;
				GCC_DYNAMIC_NO_PIC = NO;
				GCC_NO_COMMON_BLOCKS = YES;
				GCC_OPTIMIZATION_LEVEL = 0;
				GCC_PREPROCESSOR_DEFINITIONS = (
					"DEBUG=1",
					"$(inherited)",
				);
				GCC_WARN_64_TO_32_BIT_CONVERSION = YES;
				GCC_WARN_ABOUT_RETURN_TYPE = YES_ERROR;
				GCC_WARN_UNDECLARED_SELECTOR = YES;
				GCC_WARN_UNINITIALIZED_AUTOS = YES_AGGRESSIVE;
				GCC_WARN_UNUSED_FUNCTION = YES;
				GCC_WARN_UNUSED_VARIABLE = YES;
				IPHONEOS_DEPLOYMENT_TARGET = 12.0;
				MTL_ENABLE_DEBUG_INFO = INCLUDE_SOURCE;
				MTL_FAST_MATH = YES;
				ONLY_ACTIVE_ARCH = YES;
				SDKROOT = iphoneos;
				SWIFT_ACTIVE_COMPILATION_CONDITIONS = DEBUG;
				SWIFT_OPTIMIZATION_LEVEL = "-Onone";
			};
			name = Debug;
		};
		E83B46F6214650B200D8F4B0 /* Release */ = {
			isa = XCBuildConfiguration;
			buildSettings = {
				ALWAYS_SEARCH_USER_PATHS = NO;
				CLANG_ANALYZER_NONNULL = YES;
				CLANG_ANALYZER_NUMBER_OBJECT_CONVERSION = YES_AGGRESSIVE;
				CLANG_CXX_LANGUAGE_STANDARD = "gnu++14";
				CLANG_CXX_LIBRARY = "libc++";
				CLANG_ENABLE_MODULES = YES;
				CLANG_ENABLE_OBJC_ARC = YES;
				CLANG_ENABLE_OBJC_WEAK = YES;
				CLANG_WARN_BLOCK_CAPTURE_AUTORELEASING = YES;
				CLANG_WARN_BOOL_CONVERSION = YES;
				CLANG_WARN_COMMA = YES;
				CLANG_WARN_CONSTANT_CONVERSION = YES;
				CLANG_WARN_DEPRECATED_OBJC_IMPLEMENTATIONS = YES;
				CLANG_WARN_DIRECT_OBJC_ISA_USAGE = YES_ERROR;
				CLANG_WARN_DOCUMENTATION_COMMENTS = YES;
				CLANG_WARN_EMPTY_BODY = YES;
				CLANG_WARN_ENUM_CONVERSION = YES;
				CLANG_WARN_INFINITE_RECURSION = YES;
				CLANG_WARN_INT_CONVERSION = YES;
				CLANG_WARN_NON_LITERAL_NULL_CONVERSION = YES;
				CLANG_WARN_OBJC_IMPLICIT_RETAIN_SELF = YES;
				CLANG_WARN_OBJC_LITERAL_CONVERSION = YES;
				CLANG_WARN_OBJC_ROOT_CLASS = YES_ERROR;
				CLANG_WARN_RANGE_LOOP_ANALYSIS = YES;
				CLANG_WARN_STRICT_PROTOTYPES = YES;
				CLANG_WARN_SUSPICIOUS_MOVE = YES;
				CLANG_WARN_UNGUARDED_AVAILABILITY = YES_AGGRESSIVE;
				CLANG_WARN_UNREACHABLE_CODE = YES;
				CLANG_WARN__DUPLICATE_METHOD_MATCH = YES;
				CODE_SIGN_IDENTITY = "iPhone Developer";
				COPY_PHASE_STRIP = NO;
				DEBUG_INFORMATION_FORMAT = "dwarf-with-dsym";
				ENABLE_NS_ASSERTIONS = NO;
				ENABLE_STRICT_OBJC_MSGSEND = YES;
				GCC_C_LANGUAGE_STANDARD = gnu11;
				GCC_NO_COMMON_BLOCKS = YES;
				GCC_WARN_64_TO_32_BIT_CONVERSION = YES;
				GCC_WARN_ABOUT_RETURN_TYPE = YES_ERROR;
				GCC_WARN_UNDECLARED_SELECTOR = YES;
				GCC_WARN_UNINITIALIZED_AUTOS = YES_AGGRESSIVE;
				GCC_WARN_UNUSED_FUNCTION = YES;
				GCC_WARN_UNUSED_VARIABLE = YES;
				IPHONEOS_DEPLOYMENT_TARGET = 12.0;
				MTL_ENABLE_DEBUG_INFO = NO;
				MTL_FAST_MATH = YES;
				SDKROOT = iphoneos;
				SWIFT_COMPILATION_MODE = wholemodule;
				SWIFT_OPTIMIZATION_LEVEL = "-O";
				VALIDATE_PRODUCT = YES;
			};
			name = Release;
		};
		E83B46F8214650B200D8F4B0 /* Debug */ = {
			isa = XCBuildConfiguration;
			buildSettings = {
				ASSETCATALOG_COMPILER_APPICON_NAME = AppIcon;
				CODE_SIGN_STYLE = Automatic;
				DEVELOPMENT_TEAM = UAM22JDBB2;
				INFOPLIST_FILE = ARAnimals/Info.plist;
				LD_RUNPATH_SEARCH_PATHS = (
					"$(inherited)",
					"@executable_path/Frameworks",
				);
				PRODUCT_BUNDLE_IDENTIFIER = com.mitrevski.ARAnimals;
				PRODUCT_NAME = "$(TARGET_NAME)";
				SWIFT_VERSION = 4.2;
				TARGETED_DEVICE_FAMILY = "1,2";
			};
			name = Debug;
		};
		E83B46F9214650B200D8F4B0 /* Release */ = {
			isa = XCBuildConfiguration;
			buildSettings = {
				ASSETCATALOG_COMPILER_APPICON_NAME = AppIcon;
				CODE_SIGN_STYLE = Automatic;
				DEVELOPMENT_TEAM = UAM22JDBB2;
				INFOPLIST_FILE = ARAnimals/Info.plist;
				LD_RUNPATH_SEARCH_PATHS = (
					"$(inherited)",
					"@executable_path/Frameworks",
				);
				PRODUCT_BUNDLE_IDENTIFIER = com.mitrevski.ARAnimals;
				PRODUCT_NAME = "$(TARGET_NAME)";
				SWIFT_VERSION = 4.2;
				TARGETED_DEVICE_FAMILY = "1,2";
			};
			name = Release;
		};
/* End XCBuildConfiguration section */

/* Begin XCConfigurationList section */
		E83B46DE214650B100D8F4B0 /* Build configuration list for PBXProject "ARAnimals" */ = {
			isa = XCConfigurationList;
			buildConfigurations = (
				E83B46F5214650B200D8F4B0 /* Debug */,
				E83B46F6214650B200D8F4B0 /* Release */,
			);
			defaultConfigurationIsVisible = 0;
			defaultConfigurationName = Release;
		};
		E83B46F7214650B200D8F4B0 /* Build configuration list for PBXNativeTarget "ARAnimals" */ = {
			isa = XCConfigurationList;
			buildConfigurations = (
				E83B46F8214650B200D8F4B0 /* Debug */,
				E83B46F9214650B200D8F4B0 /* Release */,
			);
			defaultConfigurationIsVisible = 0;
			defaultConfigurationName = Release;
		};
/* End XCConfigurationList section */
	};
	rootObject = E83B46DB214650B100D8F4B0 /* Project object */;
}
